
Microsoft Visual Studio Solution File, Format Version 11.00
# Visual Studio 2010
Project("{8BC9CEB8-8B4A-11D0-8D11-00A0C91BC942}") = "GGVPacker", "GGVPacker\GGVPacker.vcxproj", "{29FC99D6-F798-48ED-9336-7D384314B66D}"
EndProject
Global
	GlobalSection(SolutionConfigurationPlatforms) = preSolution
		Debug|Win32 = Debug|Win32
		Release|Win32 = Release|Win32
	EndGlobalSection
	GlobalSection(ProjectConfigurationPlatforms) = postSolution
		{29FC99D6-F798-48ED-9336-7D384314B66D}.Debug|Win32.ActiveCfg = Debug|Win32
		{29FC99D6-F798-48ED-9336-7D384314B66D}.Debug|Win32.Build.0 = Debug|Win32
		{29FC99D6-F798-48ED-9336-7D384314B66D}.Release|Win32.ActiveCfg = Release|Win32
		{29FC99D6-F798-48ED-9336-7D384314B66D}.Release|Win32.Build.0 = Release|Win32
	EndGlobalSection
	GlobalSection(SolutionProperties) = preSolution
		HideSolutionNode = FALSE
	EndGlobalSection
EndGlobal
